
Microsoft Visual Studio Solution File, Format Version 12.00
# Visual Studio Version 17
VisualStudioVersion = 17.10.35122.118
MinimumVisualStudioVersion = 10.0.40219.1
Project("{FAE04EC0-301F-11D3-BF4B-00C04F79EFBC}") = "IdentityMicroservice", "IdentityMicroservice.csproj", "{E6DFD2A5-EE5F-4AA7-8052-F8D0FA31CD03}"
EndProject
Global
	GlobalSection(SolutionConfigurationPlatforms) = preSolution
		Debug|Any CPU = Debug|Any CPU
		Release|Any CPU = Release|Any CPU
	EndGlobalSection
	GlobalSection(ProjectConfigurationPlatforms) = postSolution
		{E6DFD2A5-EE5F-4AA7-8052-F8D0FA31CD03}.Debug|Any CPU.ActiveCfg = Debug|Any CPU
		{E6DFD2A5-EE5F-4AA7-8052-F8D0FA31CD03}.Debug|Any CPU.Build.0 = Debug|Any CPU
		{E6DFD2A5-EE5F-4AA7-8052-F8D0FA31CD03}.Release|Any CPU.ActiveCfg = Release|Any CPU
		{E6DFD2A5-EE5F-4AA7-8052-F8D0FA31CD03}.Release|Any CPU.Build.0 = Release|Any CPU
	EndGlobalSection
	GlobalSection(SolutionProperties) = preSolution
		HideSolutionNode = FALSE
	EndGlobalSection
	GlobalSection(ExtensibilityGlobals) = postSolution
		SolutionGuid = {483385AC-7E4C-4B33-B05D-E3495F82C2EB}
	EndGlobalSection
EndGlobal
